{
  "name": "spellchecker-cli",
  "version": "1.0.0",
  "lockfileVersion": 3,
  "requires": true,
  "packages": {
    "": {
      "name": "spellchecker-cli",
      "version": "1.0.0",
      "license": "ISC",
      "dependencies": {
        "commander": "^14.0.3"
      },
      "bin": {
        "spellchk": "index.js"
      }
    },
    "node_modules/commander": {
      "version": "14.0.3",
      "license": "MIT",
      "engines": {
        "node": ">=20"
      }
    }
  }
}
